
Microsoft Visual Studio Solution File, Format Version 12.00
# Visual Studio Version 17
VisualStudioVersion = 17.8.34316.72
MinimumVisualStudioVersion = 10.0.40219.1
Project("{9A19103F-16F7-4668-BE54-9A1E7A4F7556}") = "EventsWeb.DataAccess", "src\DataAccess\EventsWeb.DataAccess.csproj", "{9FE36DE6-5FD9-4B2A-9574-A703A280F071}"
EndProject
Project("{9A19103F-16F7-4668-BE54-9A1E7A4F7556}") = "EventsWeb.Domain", "src\Domain\EventsWeb.Domain.csproj", "{1DB10D7B-C47C-4F4A-BEF6-54E7D7FDB4B1}"
EndProject
Project("{9A19103F-16F7-4668-BE54-9A1E7A4F7556}") = "EventsWeb.API", "src\EventsWeb\EventsWeb.API.csproj", "{BD891DCD-E0F4-43EA-9566-74A1B1369CA5}"
EndProject
Project("{9A19103F-16F7-4668-BE54-9A1E7A4F7556}") = "EventsWeb.BusinessLogic", "src\EventsWeb.BusinessLogic\EventsWeb.BusinessLogic.csproj", "{1C1D0F7A-8587-4BE3-B697-4B30F2B762E4}"
EndProject
Project("{9A19103F-16F7-4668-BE54-9A1E7A4F7556}") = "EventsWeb.Presentation", "src\EventsWeb.Presentation\EventsWeb.Presentation.csproj", "{913FE0AC-944B-4496-918F-5B05644D59D0}"
EndProject
Global
	GlobalSection(SolutionConfigurationPlatforms) = preSolution
		Debug|Any CPU = Debug|Any CPU
		Release|Any CPU = Release|Any CPU
	EndGlobalSection
	GlobalSection(ProjectConfigurationPlatforms) = postSolution
		{9FE36DE6-5FD9-4B2A-9574-A703A280F071}.Debug|Any CPU.ActiveCfg = Debug|Any CPU
		{9FE36DE6-5FD9-4B2A-9574-A703A280F071}.Debug|Any CPU.Build.0 = Debug|Any CPU
		{9FE36DE6-5FD9-4B2A-9574-A703A280F071}.Release|Any CPU.ActiveCfg = Release|Any CPU
		{9FE36DE6-5FD9-4B2A-9574-A703A280F071}.Release|Any CPU.Build.0 = Release|Any CPU
		{1DB10D7B-C47C-4F4A-BEF6-54E7D7FDB4B1}.Debug|Any CPU.ActiveCfg = Debug|Any CPU
		{1DB10D7B-C47C-4F4A-BEF6-54E7D7FDB4B1}.Debug|Any CPU.Build.0 = Debug|Any CPU
		{1DB10D7B-C47C-4F4A-BEF6-54E7D7FDB4B1}.Release|Any CPU.ActiveCfg = Release|Any CPU
		{1DB10D7B-C47C-4F4A-BEF6-54E7D7FDB4B1}.Release|Any CPU.Build.0 = Release|Any CPU
		{BD891DCD-E0F4-43EA-9566-74A1B1369CA5}.Debug|Any CPU.ActiveCfg = Debug|Any CPU
		{BD891DCD-E0F4-43EA-9566-74A1B1369CA5}.Debug|Any CPU.Build.0 = Debug|Any CPU
		{BD891DCD-E0F4-43EA-9566-74A1B1369CA5}.Release|Any CPU.ActiveCfg = Release|Any CPU
		{BD891DCD-E0F4-43EA-9566-74A1B1369CA5}.Release|Any CPU.Build.0 = Release|Any CPU
		{1C1D0F7A-8587-4BE3-B697-4B30F2B762E4}.Debug|Any CPU.ActiveCfg = Debug|Any CPU
		{1C1D0F7A-8587-4BE3-B697-4B30F2B762E4}.Debug|Any CPU.Build.0 = Debug|Any CPU
		{1C1D0F7A-8587-4BE3-B697-4B30F2B762E4}.Release|Any CPU.ActiveCfg = Release|Any CPU
		{1C1D0F7A-8587-4BE3-B697-4B30F2B762E4}.Release|Any CPU.Build.0 = Release|Any CPU
		{913FE0AC-944B-4496-918F-5B05644D59D0}.Debug|Any CPU.ActiveCfg = Debug|Any CPU
		{913FE0AC-944B-4496-918F-5B05644D59D0}.Debug|Any CPU.Build.0 = Debug|Any CPU
		{913FE0AC-944B-4496-918F-5B05644D59D0}.Release|Any CPU.ActiveCfg = Release|Any CPU
		{913FE0AC-944B-4496-918F-5B05644D59D0}.Release|Any CPU.Build.0 = Release|Any CPU
	EndGlobalSection
	GlobalSection(SolutionProperties) = preSolution
		HideSolutionNode = FALSE
	EndGlobalSection
	GlobalSection(ExtensibilityGlobals) = postSolution
		SolutionGuid = {7D2FE164-AD33-42A2-9160-F9CD12E130C5}
	EndGlobalSection
EndGlobal
